
Microsoft Visual Studio Solution File, Format Version 12.00
# Visual Studio 15
Project("{FAE04EC0-301F-11D3-BF4B-00C04F79EFBC}") = "Unity.Mirror.CodeGen", "Unity.Mirror.CodeGen.csproj", "{7407AE22-B602-B7AE-30B4-48083FA34CA2}"
EndProject
Project("{FAE04EC0-301F-11D3-BF4B-00C04F79EFBC}") = "Edgegap", "Edgegap.csproj", "{971984C9-E96C-798B-F84E-A653BF363725}"
EndProject
Project("{FAE04EC0-301F-11D3-BF4B-00C04F79EFBC}") = "Mirror.Components", "Mirror.Components.csproj", "{43E333A3-7B05-D61D-3F9E-95024231027B}"
EndProject
Project("{FAE04EC0-301F-11D3-BF4B-00C04F79EFBC}") = "Mirror.Editor", "Mirror.Editor.csproj", "{CFC5A686-1275-F290-5D9B-44BDA266CD89}"
EndProject
Project("{FAE04EC0-301F-11D3-BF4B-00C04F79EFBC}") = "kcp2k", "kcp2k.csproj", "{82D538A5-A3A7-B989-BFF8-EEA0C0F88125}"
EndProject
Project("{FAE04EC0-301F-11D3-BF4B-00C04F79EFBC}") = "Mirage.Profiler.Editor", "Mirage.Profiler.Editor.csproj", "{FB5564C4-3C3F-046E-3B7F-87161D7F609A}"
EndProject
Project("{FAE04EC0-301F-11D3-BF4B-00C04F79EFBC}") = "Mirror", "Mirror.csproj", "{464A5670-4631-445F-52DC-18972BB4FEA2}"
EndProject
Project("{FAE04EC0-301F-11D3-BF4B-00C04F79EFBC}") = "SimpleWebTransport", "SimpleWebTransport.csproj", "{25B769AF-8E1E-BDD7-CE54-266CB4BCB25A}"
EndProject
Project("{FAE04EC0-301F-11D3-BF4B-00C04F79EFBC}") = "Mirror.Authenticators", "Mirror.Authenticators.csproj", "{6527C95E-F1B1-52E7-0A93-9FED6C6BA18E}"
EndProject
Project("{FAE04EC0-301F-11D3-BF4B-00C04F79EFBC}") = "Mirror.Transports", "Mirror.Transports.csproj", "{B262A51F-D2D0-767D-B794-225FA6ED8334}"
EndProject
Project("{FAE04EC0-301F-11D3-BF4B-00C04F79EFBC}") = "Assembly-CSharp", "Assembly-CSharp.csproj", "{166D3527-D177-CE81-3200-4FFD22F1BE85}"
EndProject
Project("{FAE04EC0-301F-11D3-BF4B-00C04F79EFBC}") = "EncryptionTransportEditor", "EncryptionTransportEditor.csproj", "{35F31438-4F08-59B7-39BF-0551A56B320B}"
EndProject
Project("{FAE04EC0-301F-11D3-BF4B-00C04F79EFBC}") = "Telepathy", "Telepathy.csproj", "{B2830540-3BE6-6D51-1E0E-336EE47F2952}"
EndProject
Project("{FAE04EC0-301F-11D3-BF4B-00C04F79EFBC}") = "Mirage.Profiler", "Mirage.Profiler.csproj", "{DDAD8B9A-B8F1-31D2-7637-C83000709CD8}"
EndProject
Project("{FAE04EC0-301F-11D3-BF4B-00C04F79EFBC}") = "Assembly-CSharp-Editor", "Assembly-CSharp-Editor.csproj", "{A42C961B-F58D-4F35-2BC8-FE005D3B2DE2}"
EndProject
Project("{FAE04EC0-301F-11D3-BF4B-00C04F79EFBC}") = "Mirror.CompilerSymbols", "Mirror.CompilerSymbols.csproj", "{8BF78940-3065-A312-A6AA-A93340AE1102}"
EndProject
Global
	GlobalSection(SolutionConfigurationPlatforms) = preSolution
		Debug|Any CPU = Debug|Any CPU
		Release|Any CPU = Release|Any CPU
	EndGlobalSection
	GlobalSection(ProjectConfigurationPlatforms) = postSolution
		{7407AE22-B602-B7AE-30B4-48083FA34CA2}.Debug|Any CPU.ActiveCfg = Debug|Any CPU
		{7407AE22-B602-B7AE-30B4-48083FA34CA2}.Debug|Any CPU.Build.0 = Debug|Any CPU
		{7407AE22-B602-B7AE-30B4-48083FA34CA2}.Release|Any CPU.ActiveCfg = Release|Any CPU
		{7407AE22-B602-B7AE-30B4-48083FA34CA2}.Release|Any CPU.Build.0 = Release|Any CPU
		{971984C9-E96C-798B-F84E-A653BF363725}.Debug|Any CPU.ActiveCfg = Debug|Any CPU
		{971984C9-E96C-798B-F84E-A653BF363725}.Debug|Any CPU.Build.0 = Debug|Any CPU
		{971984C9-E96C-798B-F84E-A653BF363725}.Release|Any CPU.ActiveCfg = Release|Any CPU
		{971984C9-E96C-798B-F84E-A653BF363725}.Release|Any CPU.Build.0 = Release|Any CPU
		{43E333A3-7B05-D61D-3F9E-95024231027B}.Debug|Any CPU.ActiveCfg = Debug|Any CPU
		{43E333A3-7B05-D61D-3F9E-95024231027B}.Debug|Any CPU.Build.0 = Debug|Any CPU
		{43E333A3-7B05-D61D-3F9E-95024231027B}.Release|Any CPU.ActiveCfg = Release|Any CPU
		{43E333A3-7B05-D61D-3F9E-95024231027B}.Release|Any CPU.Build.0 = Release|Any CPU
		{CFC5A686-1275-F290-5D9B-44BDA266CD89}.Debug|Any CPU.ActiveCfg = Debug|Any CPU
		{CFC5A686-1275-F290-5D9B-44BDA266CD89}.Debug|Any CPU.Build.0 = Debug|Any CPU
		{CFC5A686-1275-F290-5D9B-44BDA266CD89}.Release|Any CPU.ActiveCfg = Release|Any CPU
		{CFC5A686-1275-F290-5D9B-44BDA266CD89}.Release|Any CPU.Build.0 = Release|Any CPU
		{82D538A5-A3A7-B989-BFF8-EEA0C0F88125}.Debug|Any CPU.ActiveCfg = Debug|Any CPU
		{82D538A5-A3A7-B989-BFF8-EEA0C0F88125}.Debug|Any CPU.Build.0 = Debug|Any CPU
		{82D538A5-A3A7-B989-BFF8-EEA0C0F88125}.Release|Any CPU.ActiveCfg = Release|Any CPU
		{82D538A5-A3A7-B989-BFF8-EEA0C0F88125}.Release|Any CPU.Build.0 = Release|Any CPU
		{FB5564C4-3C3F-046E-3B7F-87161D7F609A}.Debug|Any CPU.ActiveCfg = Debug|Any CPU
		{FB5564C4-3C3F-046E-3B7F-87161D7F609A}.Debug|Any CPU.Build.0 = Debug|Any CPU
		{FB5564C4-3C3F-046E-3B7F-87161D7F609A}.Release|Any CPU.ActiveCfg = Release|Any CPU
		{FB5564C4-3C3F-046E-3B7F-87161D7F609A}.Release|Any CPU.Build.0 = Release|Any CPU
		{464A5670-4631-445F-52DC-18972BB4FEA2}.Debug|Any CPU.ActiveCfg = Debug|Any CPU
		{464A5670-4631-445F-52DC-18972BB4FEA2}.Debug|Any CPU.Build.0 = Debug|Any CPU
		{464A5670-4631-445F-52DC-18972BB4FEA2}.Release|Any CPU.ActiveCfg = Release|Any CPU
		{464A5670-4631-445F-52DC-18972BB4FEA2}.Release|Any CPU.Build.0 = Release|Any CPU
		{25B769AF-8E1E-BDD7-CE54-266CB4BCB25A}.Debug|Any CPU.ActiveCfg = Debug|Any CPU
		{25B769AF-8E1E-BDD7-CE54-266CB4BCB25A}.Debug|Any CPU.Build.0 = Debug|Any CPU
		{25B769AF-8E1E-BDD7-CE54-266CB4BCB25A}.Release|Any CPU.ActiveCfg = Release|Any CPU
		{25B769AF-8E1E-BDD7-CE54-266CB4BCB25A}.Release|Any CPU.Build.0 = Release|Any CPU
		{6527C95E-F1B1-52E7-0A93-9FED6C6BA18E}.Debug|Any CPU.ActiveCfg = Debug|Any CPU
		{6527C95E-F1B1-52E7-0A93-9FED6C6BA18E}.Debug|Any CPU.Build.0 = Debug|Any CPU
		{6527C95E-F1B1-52E7-0A93-9FED6C6BA18E}.Release|Any CPU.ActiveCfg = Release|Any CPU
		{6527C95E-F1B1-52E7-0A93-9FED6C6BA18E}.Release|Any CPU.Build.0 = Release|Any CPU
		{B262A51F-D2D0-767D-B794-225FA6ED8334}.Debug|Any CPU.ActiveCfg = Debug|Any CPU
		{B262A51F-D2D0-767D-B794-225FA6ED8334}.Debug|Any CPU.Build.0 = Debug|Any CPU
		{B262A51F-D2D0-767D-B794-225FA6ED8334}.Release|Any CPU.ActiveCfg = Release|Any CPU
		{B262A51F-D2D0-767D-B794-225FA6ED8334}.Release|Any CPU.Build.0 = Release|Any CPU
		{166D3527-D177-CE81-3200-4FFD22F1BE85}.Debug|Any CPU.ActiveCfg = Debug|Any CPU
		{166D3527-D177-CE81-3200-4FFD22F1BE85}.Debug|Any CPU.Build.0 = Debug|Any CPU
		{166D3527-D177-CE81-3200-4FFD22F1BE85}.Release|Any CPU.ActiveCfg = Release|Any CPU
		{166D3527-D177-CE81-3200-4FFD22F1BE85}.Release|Any CPU.Build.0 = Release|Any CPU
		{35F31438-4F08-59B7-39BF-0551A56B320B}.Debug|Any CPU.ActiveCfg = Debug|Any CPU
		{35F31438-4F08-59B7-39BF-0551A56B320B}.Debug|Any CPU.Build.0 = Debug|Any CPU
		{35F31438-4F08-59B7-39BF-0551A56B320B}.Release|Any CPU.ActiveCfg = Release|Any CPU
		{35F31438-4F08-59B7-39BF-0551A56B320B}.Release|Any CPU.Build.0 = Release|Any CPU
		{B2830540-3BE6-6D51-1E0E-336EE47F2952}.Debug|Any CPU.ActiveCfg = Debug|Any CPU
		{B2830540-3BE6-6D51-1E0E-336EE47F2952}.Debug|Any CPU.Build.0 = Debug|Any CPU
		{B2830540-3BE6-6D51-1E0E-336EE47F2952}.Release|Any CPU.ActiveCfg = Release|Any CPU
		{B2830540-3BE6-6D51-1E0E-336EE47F2952}.Release|Any CPU.Build.0 = Release|Any CPU
		{DDAD8B9A-B8F1-31D2-7637-C83000709CD8}.Debug|Any CPU.ActiveCfg = Debug|Any CPU
		{DDAD8B9A-B8F1-31D2-7637-C83000709CD8}.Debug|Any CPU.Build.0 = Debug|Any CPU
		{DDAD8B9A-B8F1-31D2-7637-C83000709CD8}.Release|Any CPU.ActiveCfg = Release|Any CPU
		{DDAD8B9A-B8F1-31D2-7637-C83000709CD8}.Release|Any CPU.Build.0 = Release|Any CPU
		{A42C961B-F58D-4F35-2BC8-FE005D3B2DE2}.Debug|Any CPU.ActiveCfg = Debug|Any CPU
		{A42C961B-F58D-4F35-2BC8-FE005D3B2DE2}.Debug|Any CPU.Build.0 = Debug|Any CPU
		{A42C961B-F58D-4F35-2BC8-FE005D3B2DE2}.Release|Any CPU.ActiveCfg = Release|Any CPU
		{A42C961B-F58D-4F35-2BC8-FE005D3B2DE2}.Release|Any CPU.Build.0 = Release|Any CPU
		{8BF78940-3065-A312-A6AA-A93340AE1102}.Debug|Any CPU.ActiveCfg = Debug|Any CPU
		{8BF78940-3065-A312-A6AA-A93340AE1102}.Debug|Any CPU.Build.0 = Debug|Any CPU
		{8BF78940-3065-A312-A6AA-A93340AE1102}.Release|Any CPU.ActiveCfg = Release|Any CPU
		{8BF78940-3065-A312-A6AA-A93340AE1102}.Release|Any CPU.Build.0 = Release|Any CPU
	EndGlobalSection
	GlobalSection(SolutionProperties) = preSolution
		HideSolutionNode = FALSE
	EndGlobalSection
EndGlobal
